{
  "requires": true,
  "lockfileVersion": 1,
  "dependencies": {
    "printd": {
      "version": "1.5.0",
      "resolved": "https://registry.npmjs.org/printd/-/printd-1.5.0.tgz",
      "integrity": "sha512-dg8QXTbhkZgy1Qxvatt62C4LqIJlCkIJpZK97lEth1N+l3fNAu5YljPi6lsJGsBr8MmN5q20p1jSBJTMTt9tqg=="
    }
  }
}
